
Microsoft Visual Studio Solution File, Format Version 12.00
# Visual Studio 2012
Project("{FAE04EC0-301F-11D3-BF4B-00C04F79EFBC}") = "VeryHard", "VeryHard\VeryHard.csproj", "{B76ABA8C-CC20-4FD5-8A71-C56178D93726}"
EndProject
Global
	GlobalSection(SolutionConfigurationPlatforms) = preSolution
		Debug|Any CPU = Debug|Any CPU
		Release|Any CPU = Release|Any CPU
	EndGlobalSection
	GlobalSection(ProjectConfigurationPlatforms) = postSolution
		{B76ABA8C-CC20-4FD5-8A71-C56178D93726}.Debug|Any CPU.ActiveCfg = Debug|Any CPU
		{B76ABA8C-CC20-4FD5-8A71-C56178D93726}.Debug|Any CPU.Build.0 = Debug|Any CPU
		{B76ABA8C-CC20-4FD5-8A71-C56178D93726}.Release|Any CPU.ActiveCfg = Release|Any CPU
		{B76ABA8C-CC20-4FD5-8A71-C56178D93726}.Release|Any CPU.Build.0 = Release|Any CPU
	EndGlobalSection
EndGlobal
